
Microsoft Visual Studio Solution File, Format Version 12.00
# Visual Studio Version 16
VisualStudioVersion = 16.0.29001.49
MinimumVisualStudioVersion = 10.0.40219.1
Project("{8BC9CEB8-8B4A-11D0-8D11-00A0C91BC942}") = "CameraTracker", "CameraTracker\CameraTracker.vcxproj", "{B4B6A7AB-17EC-450F-B5AB-D84007659A77}"
EndProject
Global
	GlobalSection(SolutionConfigurationPlatforms) = preSolution
		Debug|x64 = Debug|x64
		Debug|x86 = Debug|x86
		Release|x64 = Release|x64
		Release|x86 = Release|x86
	EndGlobalSection
	GlobalSection(ProjectConfigurationPlatforms) = postSolution
		{B4B6A7AB-17EC-450F-B5AB-D84007659A77}.Debug|x64.ActiveCfg = Debug|x64
		{B4B6A7AB-17EC-450F-B5AB-D84007659A77}.Debug|x64.Build.0 = Debug|x64
		{B4B6A7AB-17EC-450F-B5AB-D84007659A77}.Debug|x86.ActiveCfg = Debug|Win32
		{B4B6A7AB-17EC-450F-B5AB-D84007659A77}.Debug|x86.Build.0 = Debug|Win32
		{B4B6A7AB-17EC-450F-B5AB-D84007659A77}.Release|x64.ActiveCfg = Release|x64
		{B4B6A7AB-17EC-450F-B5AB-D84007659A77}.Release|x64.Build.0 = Release|x64
		{B4B6A7AB-17EC-450F-B5AB-D84007659A77}.Release|x86.ActiveCfg = Release|Win32
		{B4B6A7AB-17EC-450F-B5AB-D84007659A77}.Release|x86.Build.0 = Release|Win32
	EndGlobalSection
	GlobalSection(SolutionProperties) = preSolution
		HideSolutionNode = FALSE
	EndGlobalSection
	GlobalSection(ExtensibilityGlobals) = postSolution
		SolutionGuid = {DBC78AA8-B88E-4531-849A-460A145F35F1}
	EndGlobalSection
EndGlobal
